// !$*UTF8*$!
{
	archiveVersion = 1;
	classes = {
	};
	objectVersion = 50;
	objects = {

/* Begin PBXBuildFile section */
		DA735113212EFD2A00474459 /* AppDelegate.swift in Sources */ = {isa = PBXBuildFile; fileRef = DA735112212EFD2A00474459 /* AppDelegate.swift */; };
		DA735115212EFD2A00474459 /* ViewController.swift in Sources */ = {isa = PBXBuildFile; fileRef = DA735114212EFD2A00474459 /* ViewController.swift */; };
		DA735118212EFD2A00474459 /* Main.storyboard in Resources */ = {isa = PBXBuildFile; fileRef = DA735116212EFD2A00474459 /* Main.storyboard */; };
		DA73511B212EFD2A00474459 /* Giphy.xcdatamodeld in Sources */ = {isa = PBXBuildFile; fileRef = DA735119212EFD2A00474459 /* Giphy.xcdatamodeld */; };
		DA73511D212EFD2B00474459 /* Assets.xcassets in Resources */ = {isa = PBXBuildFile; fileRef = DA73511C212EFD2B00474459 /* Assets.xcassets */; };
		DA735120212EFD2B00474459 /* LaunchScreen.storyboard in Resources */ = {isa = PBXBuildFile; fileRef = DA73511E212EFD2B00474459 /* LaunchScreen.storyboard */; };
		DA73512B212EFD2B00474459 /* GiphyTests.swift in Sources */ = {isa = PBXBuildFile; fileRef = DA73512A212EFD2B00474459 /* GiphyTests.swift */; };
/* End PBXBuildFile section */

/* Begin PBXContainerItemProxy section */
		DA735127212EFD2B00474459 /* PBXContainerItemProxy */ = {
			isa = PBXContainerItemProxy;
			containerPortal = DA735107212EFD2A00474459 /* Project object */;
			proxyType = 1;
			remoteGlobalIDString = DA73510E212EFD2A00474459;
			remoteInfo = Giphy;
		};
/* End PBXContainerItemProxy section */

/* Begin PBXFileReference section */
		DA73510F212EFD2A00474459 /* Giphy.app */ = {isa = PBXFileReference; explicitFileType = wrapper.application; includeInIndex = 0; path = Giphy.app; sourceTree = BUILT_PRODUCTS_DIR; };
		DA735112212EFD2A00474459 /* AppDelegate.swift */ = {isa = PBXFileReference; lastKnownFileType = sourcecode.swift; path = AppDelegate.swift; sourceTree = "<group>"; };
		DA735114212EFD2A00474459 /* ViewController.swift */ = {isa = PBXFileReference; lastKnownFileType = sourcecode.swift; path = ViewController.swift; sourceTree = "<group>"; };
		DA735117212EFD2A00474459 /* Base */ = {isa = PBXFileReference; lastKnownFileType = file.storyboard; name = Base; path = Base.lproj/Main.storyboard; sourceTree = "<group>"; };
		DA73511A212EFD2A00474459 /* Giphy.xcdatamodel */ = {isa = PBXFileReference; lastKnownFileType = wrapper.xcdatamodel; path = Giphy.xcdatamodel; sourceTree = "<group>"; };
		DA73511C212EFD2B00474459 /* Assets.xcassets */ = {isa = PBXFileReference; lastKnownFileType = folder.assetcatalog; path = Assets.xcassets; sourceTree = "<group>"; };
		DA73511F212EFD2B00474459 /* Base */ = {isa = PBXFileReference; lastKnownFileType = file.storyboard; name = Base; path = Base.lproj/LaunchScreen.storyboard; sourceTree = "<group>"; };
		DA735121212EFD2B00474459 /* Info.plist */ = {isa = PBXFileReference; lastKnownFileType = text.plist.xml; path = Info.plist; sourceTree = "<group>"; };
		DA735126212EFD2B00474459 /* GiphyTests.xctest */ = {isa = PBXFileReference; explicitFileType = wrapper.cfbundle; includeInIndex = 0; path = GiphyTests.xctest; sourceTree = BUILT_PRODUCTS_DIR; };
		DA73512A212EFD2B00474459 /* GiphyTests.swift */ = {isa = PBXFileReference; lastKnownFileType = sourcecode.swift; path = GiphyTests.swift; sourceTree = "<group>"; };
		DA73512C212EFD2B00474459 /* Info.plist */ = {isa = PBXFileReference; lastKnownFileType = text.plist.xml; path = Info.plist; sourceTree = "<group>"; };
/* End PBXFileReference section */

/* Begin PBXFrameworksBuildPhase section */
		DA73510C212EFD2A00474459 /* Frameworks */ = {
			isa = PBXFrameworksBuildPhase;
			buildActionMask = 2147483647;
			files = (
			);
			runOnlyForDeploymentPostprocessing = 0;
		};
		DA735123212EFD2B00474459 /* Frameworks */ = {
			isa = PBXFrameworksBuildPhase;
			buildActionMask = 2147483647;
			files = (
			);
			runOnlyForDeploymentPostprocessing = 0;
		};
/* End PBXFrameworksBuildPhase section */

/* Begin PBXGroup section */
		DA735106212EFD2A00474459 = {
			isa = PBXGroup;
			children = (
				DA735111212EFD2A00474459 /* Giphy */,
				DA735129212EFD2B00474459 /* GiphyTests */,
				DA735110212EFD2A00474459 /* Products */,
			);
			sourceTree = "<group>";
		};
		DA735110212EFD2A00474459 /* Products */ = {
			isa = PBXGroup;
			children = (
				DA73510F212EFD2A00474459 /* Giphy.app */,
				DA735126212EFD2B00474459 /* GiphyTests.xctest */,
			);
			name = Products;
			sourceTree = "<group>";
		};
		DA735111212EFD2A00474459 /* Giphy */ = {
			isa = PBXGroup;
			children = (
				DA735112212EFD2A00474459 /* AppDelegate.swift */,
				DA735114212EFD2A00474459 /* ViewController.swift */,
				DA735116212EFD2A00474459 /* Main.storyboard */,
				DA73511C212EFD2B00474459 /* Assets.xcassets */,
				DA73511E212EFD2B00474459 /* LaunchScreen.storyboard */,
				DA735121212EFD2B00474459 /* Info.plist */,
				DA735119212EFD2A00474459 /* Giphy.xcdatamodeld */,
			);
			path = Giphy;
			sourceTree = "<group>";
		};
		DA735129212EFD2B00474459 /* GiphyTests */ = {
			isa = PBXGroup;
			children = (
				DA73512A212EFD2B00474459 /* GiphyTests.swift */,
				DA73512C212EFD2B00474459 /* Info.plist */,
			);
			path = GiphyTests;
			sourceTree = "<group>";
		};
/* End PBXGroup section */

/* Begin PBXNativeTarget section */
		DA73510E212EFD2A00474459 /* Giphy */ = {
			isa = PBXNativeTarget;
			buildConfigurationList = DA73512F212EFD2B00474459 /* Build configuration list for PBXNativeTarget "Giphy" */;
			buildPhases = (
				DA73510B212EFD2A00474459 /* Sources */,
				DA73510C212EFD2A00474459 /* Frameworks */,
				DA73510D212EFD2A00474459 /* Resources */,
			);
			buildRules = (
			);
			dependencies = (
			);
			name = Giphy;
			productName = Giphy;
			productReference = DA73510F212EFD2A00474459 /* Giphy.app */;
			productType = "com.apple.product-type.application";
		};
		DA735125212EFD2B00474459 /* GiphyTests */ = {
			isa = PBXNativeTarget;
			buildConfigurationList = DA735132212EFD2B00474459 /* Build configuration list for PBXNativeTarget "GiphyTests" */;
			buildPhases = (
				DA735122212EFD2B00474459 /* Sources */,
				DA735123212EFD2B00474459 /* Frameworks */,
				DA735124212EFD2B00474459 /* Resources */,
			);
			buildRules = (
			);
			dependencies = (
				DA735128212EFD2B00474459 /* PBXTargetDependency */,
			);
			name = GiphyTests;
			productName = GiphyTests;
			productReference = DA735126212EFD2B00474459 /* GiphyTests.xctest */;
			productType = "com.apple.product-type.bundle.unit-test";
		};
/* End PBXNativeTarget section */

/* Begin PBXProject section */
		DA735107212EFD2A00474459 /* Project object */ = {
			isa = PBXProject;
			attributes = {
				LastSwiftUpdateCheck = 0940;
				LastUpgradeCheck = 0940;
				ORGANIZATIONNAME = "Viktar Semianchuk";
				TargetAttributes = {
					DA73510E212EFD2A00474459 = {
						CreatedOnToolsVersion = 9.4.1;
					};
					DA735125212EFD2B00474459 = {
						CreatedOnToolsVersion = 9.4.1;
						TestTargetID = DA73510E212EFD2A00474459;
					};
				};
			};
			buildConfigurationList = DA73510A212EFD2A00474459 /* Build configuration list for PBXProject "Giphy" */;
			compatibilityVersion = "Xcode 9.3";
			developmentRegion = en;
			hasScannedForEncodings = 0;
			knownRegions = (
				en,
				Base,
			);
			mainGroup = DA735106212EFD2A00474459;
			productRefGroup = DA735110212EFD2A00474459 /* Products */;
			projectDirPath = "";
			projectRoot = "";
			targets = (
				DA73510E212EFD2A00474459 /* Giphy */,
				DA735125212EFD2B00474459 /* GiphyTests */,
			);
		};
/* End PBXProject section */

/* Begin PBXResourcesBuildPhase section */
		DA73510D212EFD2A00474459 /* Resources */ = {
			isa = PBXResourcesBuildPhase;
			buildActionMask = 2147483647;
			files = (
				DA735120212EFD2B00474459 /* LaunchScreen.storyboard in Resources */,
				DA73511D212EFD2B00474459 /* Assets.xcassets in Resources */,
				DA735118212EFD2A00474459 /* Main.storyboard in Resources */,
			);
			runOnlyForDeploymentPostprocessing = 0;
		};
		DA735124212EFD2B00474459 /* Resources */ = {
			isa = PBXResourcesBuildPhase;
			buildActionMask = 2147483647;
			files = (
			);
			runOnlyForDeploymentPostprocessing = 0;
		};
/* End PBXResourcesBuildPhase section */

/* Begin PBXSourcesBuildPhase section */
		DA73510B212EFD2A00474459 /* Sources */ = {
			isa = PBXSourcesBuildPhase;
			buildActionMask = 2147483647;
			files = (
				DA735115212EFD2A00474459 /* ViewController.swift in Sources */,
				DA735113212EFD2A00474459 /* AppDelegate.swift in Sources */,
				DA73511B212EFD2A00474459 /* Giphy.xcdatamodeld in Sources */,
			);
			runOnlyForDeploymentPostprocessing = 0;
		};
		DA735122212EFD2B00474459 /* Sources */ = {
			isa = PBXSourcesBuildPhase;
			buildActionMask = 2147483647;
			files = (
				DA73512B212EFD2B00474459 /* GiphyTests.swift in Sources */,
			);
			runOnlyForDeploymentPostprocessing = 0;
		};
/* End PBXSourcesBuildPhase section */

/* Begin PBXTargetDependency section */
		DA735128212EFD2B00474459 /* PBXTargetDependency */ = {
			isa = PBXTargetDependency;
			target = DA73510E212EFD2A00474459 /* Giphy */;
			targetProxy = DA735127212EFD2B00474459 /* PBXContainerItemProxy */;
		};
/* End PBXTargetDependency section */

/* Begin PBXVariantGroup section */
		DA735116212EFD2A00474459 /* Main.storyboard */ = {
			isa = PBXVariantGroup;
			children = (
				DA735117212EFD2A00474459 /* Base */,
			);
			name = Main.storyboard;
			sourceTree = "<group>";
		};
		DA73511E212EFD2B00474459 /* LaunchScreen.storyboard */ = {
			isa = PBXVariantGroup;
			children = (
				DA73511F212EFD2B00474459 /* Base */,
			);
			name = LaunchScreen.storyboard;
			sourceTree = "<group>";
		};
/* End PBXVariantGroup section */

/* Begin XCBuildConfiguration section */
		DA73512D212EFD2B00474459 /* Debug */ = {
			isa = XCBuildConfiguration;
			buildSettings = {
				ALWAYS_SEARCH_USER_PATHS = NO;
				CLANG_ANALYZER_NONNULL = YES;
				CLANG_ANALYZER_NUMBER_OBJECT_CONVERSION = YES_AGGRESSIVE;
				CLANG_CXX_LANGUAGE_STANDARD = "gnu++14";
				CLANG_CXX_LIBRARY = "libc++";
				CLANG_ENABLE_MODULES = YES;
				CLANG_ENABLE_OBJC_ARC = YES;
				CLANG_ENABLE_OBJC_WEAK = YES;
				CLANG_WARN_BLOCK_CAPTURE_AUTORELEASING = YES;
				CLANG_WARN_BOOL_CONVERSION = YES;
				CLANG_WARN_COMMA = YES;
				CLANG_WARN_CONSTANT_CONVERSION = YES;
				CLANG_WARN_DEPRECATED_OBJC_IMPLEMENTATIONS = YES;
				CLANG_WARN_DIRECT_OBJC_ISA_USAGE = YES_ERROR;
				CLANG_WARN_DOCUMENTATION_COMMENTS = YES;
				CLANG_WARN_EMPTY_BODY = YES;
				CLANG_WARN_ENUM_CONVERSION = YES;
				CLANG_WARN_INFINITE_RECURSION = YES;
				CLANG_WARN_INT_CONVERSION = YES;
				CLANG_WARN_NON_LITERAL_NULL_CONVERSION = YES;
				CLANG_WARN_OBJC_IMPLICIT_RETAIN_SELF = YES;
				CLANG_WARN_OBJC_LITERAL_CONVERSION = YES;
				CLANG_WARN_OBJC_ROOT_CLASS = YES_ERROR;
				CLANG_WARN_RANGE_LOOP_ANALYSIS = YES;
				CLANG_WARN_STRICT_PROTOTYPES = YES;
				CLANG_WARN_SUSPICIOUS_MOVE = YES;
				CLANG_WARN_UNGUARDED_AVAILABILITY = YES_AGGRESSIVE;
				CLANG_WARN_UNREACHABLE_CODE = YES;
				CLANG_WARN__DUPLICATE_METHOD_MATCH = YES;
				CODE_SIGN_IDENTITY = "iPhone Developer";
				COPY_PHASE_STRIP = NO;
				DEBUG_INFORMATION_FORMAT = dwarf;
				ENABLE_STRICT_OBJC_MSGSEND = YES;
				ENABLE_TESTABILITY = YES;
				GCC_C_LANGUAGE_STANDARD = gnu11;
				GCC_DYNAMIC_NO_PIC = NO;
				GCC_NO_COMMON_BLOCKS = YES;
				GCC_OPTIMIZATION_LEVEL = 0;
				GCC_PREPROCESSOR_DEFINITIONS = (
					"DEBUG=1",
					"$(inherited)",
				);
				GCC_WARN_64_TO_32_BIT_CONVERSION = YES;
				GCC_WARN_ABOUT_RETURN_TYPE = YES_ERROR;
				GCC_WARN_UNDECLARED_SELECTOR = YES;
				GCC_WARN_UNINITIALIZED_AUTOS = YES_AGGRESSIVE;
				GCC_WARN_UNUSED_FUNCTION = YES;
				GCC_WARN_UNUSED_VARIABLE = YES;
				IPHONEOS_DEPLOYMENT_TARGET = 11.4;
				MTL_ENABLE_DEBUG_INFO = YES;
				ONLY_ACTIVE_ARCH = YES;
				SDKROOT = iphoneos;
				SWIFT_ACTIVE_COMPILATION_CONDITIONS = DEBUG;
				SWIFT_OPTIMIZATION_LEVEL = "-Onone";
			};
			name = Debug;
		};
		DA73512E212EFD2B00474459 /* Release */ = {
			isa = XCBuildConfiguration;
			buildSettings = {
				ALWAYS_SEARCH_USER_PATHS = NO;
				CLANG_ANALYZER_NONNULL = YES;
				CLANG_ANALYZER_NUMBER_OBJECT_CONVERSION = YES_AGGRESSIVE;
				CLANG_CXX_LANGUAGE_STANDARD = "gnu++14";
				CLANG_CXX_LIBRARY = "libc++";
				CLANG_ENABLE_MODULES = YES;
				CLANG_ENABLE_OBJC_ARC = YES;
				CLANG_ENABLE_OBJC_WEAK = YES;
				CLANG_WARN_BLOCK_CAPTURE_AUTORELEASING = YES;
				CLANG_WARN_BOOL_CONVERSION = YES;
				CLANG_WARN_COMMA = YES;
				CLANG_WARN_CONSTANT_CONVERSION = YES;
				CLANG_WARN_DEPRECATED_OBJC_IMPLEMENTATIONS = YES;
				CLANG_WARN_DIRECT_OBJC_ISA_USAGE = YES_ERROR;
				CLANG_WARN_DOCUMENTATION_COMMENTS = YES;
				CLANG_WARN_EMPTY_BODY = YES;
				CLANG_WARN_ENUM_CONVERSION = YES;
				CLANG_WARN_INFINITE_RECURSION = YES;
				CLANG_WARN_INT_CONVERSION = YES;
				CLANG_WARN_NON_LITERAL_NULL_CONVERSION = YES;
				CLANG_WARN_OBJC_IMPLICIT_RETAIN_SELF = YES;
				CLANG_WARN_OBJC_LITERAL_CONVERSION = YES;
				CLANG_WARN_OBJC_ROOT_CLASS = YES_ERROR;
				CLANG_WARN_RANGE_LOOP_ANALYSIS = YES;
				CLANG_WARN_STRICT_PROTOTYPES = YES;
				CLANG_WARN_SUSPICIOUS_MOVE = YES;
				CLANG_WARN_UNGUARDED_AVAILABILITY = YES_AGGRESSIVE;
				CLANG_WARN_UNREACHABLE_CODE = YES;
				CLANG_WARN__DUPLICATE_METHOD_MATCH = YES;
				CODE_SIGN_IDENTITY = "iPhone Developer";
				COPY_PHASE_STRIP = NO;
				DEBUG_INFORMATION_FORMAT = "dwarf-with-dsym";
				ENABLE_NS_ASSERTIONS = NO;
				ENABLE_STRICT_OBJC_MSGSEND = YES;
				GCC_C_LANGUAGE_STANDARD = gnu11;
				GCC_NO_COMMON_BLOCKS = YES;
				GCC_WARN_64_TO_32_BIT_CONVERSION = YES;
				GCC_WARN_ABOUT_RETURN_TYPE = YES_ERROR;
				GCC_WARN_UNDECLARED_SELECTOR = YES;
				GCC_WARN_UNINITIALIZED_AUTOS = YES_AGGRESSIVE;
				GCC_WARN_UNUSED_FUNCTION = YES;
				GCC_WARN_UNUSED_VARIABLE = YES;
				IPHONEOS_DEPLOYMENT_TARGET = 11.4;
				MTL_ENABLE_DEBUG_INFO = NO;
				SDKROOT = iphoneos;
				SWIFT_COMPILATION_MODE = wholemodule;
				SWIFT_OPTIMIZATION_LEVEL = "-O";
				VALIDATE_PRODUCT = YES;
			};
			name = Release;
		};
		DA735130212EFD2B00474459 /* Debug */ = {
			isa = XCBuildConfiguration;
			buildSettings = {
				ASSETCATALOG_COMPILER_APPICON_NAME = AppIcon;
				CODE_SIGN_STYLE = Automatic;
				INFOPLIST_FILE = Giphy/Info.plist;
				LD_RUNPATH_SEARCH_PATHS = (
					"$(inherited)",
					"@executable_path/Frameworks",
				);
				PRODUCT_BUNDLE_IDENTIFIER = com.vicmac.Giphy;
				PRODUCT_NAME = "$(TARGET_NAME)";
				SWIFT_VERSION = 4.0;
				TARGETED_DEVICE_FAMILY = "1,2";
			};
			name = Debug;
		};
		DA735131212EFD2B00474459 /* Release */ = {
			isa = XCBuildConfiguration;
			buildSettings = {
				ASSETCATALOG_COMPILER_APPICON_NAME = AppIcon;
				CODE_SIGN_STYLE = Automatic;
				INFOPLIST_FILE = Giphy/Info.plist;
				LD_RUNPATH_SEARCH_PATHS = (
					"$(inherited)",
					"@executable_path/Frameworks",
				);
				PRODUCT_BUNDLE_IDENTIFIER = com.vicmac.Giphy;
				PRODUCT_NAME = "$(TARGET_NAME)";
				SWIFT_VERSION = 4.0;
				TARGETED_DEVICE_FAMILY = "1,2";
			};
			name = Release;
		};
		DA735133212EFD2B00474459 /* Debug */ = {
			isa = XCBuildConfiguration;
			buildSettings = {
				ALWAYS_EMBED_SWIFT_STANDARD_LIBRARIES = YES;
				BUNDLE_LOADER = "$(TEST_HOST)";
				CODE_SIGN_STYLE = Automatic;
				INFOPLIST_FILE = GiphyTests/Info.plist;
				LD_RUNPATH_SEARCH_PATHS = (
					"$(inherited)",
					"@executable_path/Frameworks",
					"@loader_path/Frameworks",
				);
				PRODUCT_BUNDLE_IDENTIFIER = com.vicmac.GiphyTests;
				PRODUCT_NAME = "$(TARGET_NAME)";
				SWIFT_VERSION = 4.0;
				TARGETED_DEVICE_FAMILY = "1,2";
				TEST_HOST = "$(BUILT_PRODUCTS_DIR)/Giphy.app/Giphy";
			};
			name = Debug;
		};
		DA735134212EFD2B00474459 /* Release */ = {
			isa = XCBuildConfiguration;
			buildSettings = {
				ALWAYS_EMBED_SWIFT_STANDARD_LIBRARIES = YES;
				BUNDLE_LOADER = "$(TEST_HOST)";
				CODE_SIGN_STYLE = Automatic;
				INFOPLIST_FILE = GiphyTests/Info.plist;
				LD_RUNPATH_SEARCH_PATHS = (
					"$(inherited)",
					"@executable_path/Frameworks",
					"@loader_path/Frameworks",
				);
				PRODUCT_BUNDLE_IDENTIFIER = com.vicmac.GiphyTests;
				PRODUCT_NAME = "$(TARGET_NAME)";
				SWIFT_VERSION = 4.0;
				TARGETED_DEVICE_FAMILY = "1,2";
				TEST_HOST = "$(BUILT_PRODUCTS_DIR)/Giphy.app/Giphy";
			};
			name = Release;
		};
/* End XCBuildConfiguration section */

/* Begin XCConfigurationList section */
		DA73510A212EFD2A00474459 /* Build configuration list for PBXProject "Giphy" */ = {
			isa = XCConfigurationList;
			buildConfigurations = (
				DA73512D212EFD2B00474459 /* Debug */,
				DA73512E212EFD2B00474459 /* Release */,
			);
			defaultConfigurationIsVisible = 0;
			defaultConfigurationName = Release;
		};
		DA73512F212EFD2B00474459 /* Build configuration list for PBXNativeTarget "Giphy" */ = {
			isa = XCConfigurationList;
			buildConfigurations = (
				DA735130212EFD2B00474459 /* Debug */,
				DA735131212EFD2B00474459 /* Release */,
			);
			defaultConfigurationIsVisible = 0;
			defaultConfigurationName = Release;
		};
		DA735132212EFD2B00474459 /* Build configuration list for PBXNativeTarget "GiphyTests" */ = {
			isa = XCConfigurationList;
			buildConfigurations = (
				DA735133212EFD2B00474459 /* Debug */,
				DA735134212EFD2B00474459 /* Release */,
			);
			defaultConfigurationIsVisible = 0;
			defaultConfigurationName = Release;
		};
/* End XCConfigurationList section */

/* Begin XCVersionGroup section */
		DA735119212EFD2A00474459 /* Giphy.xcdatamodeld */ = {
			isa = XCVersionGroup;
			children = (
				DA73511A212EFD2A00474459 /* Giphy.xcdatamodel */,
			);
			currentVersion = DA73511A212EFD2A00474459 /* Giphy.xcdatamodel */;
			path = Giphy.xcdatamodeld;
			sourceTree = "<group>";
			versionGroupType = wrapper.xcdatamodel;
		};
/* End XCVersionGroup section */
	};
	rootObject = DA735107212EFD2A00474459 /* Project object */;
}
